
Microsoft Visual Studio Solution File, Format Version 12.00
# Visual Studio Version 17
VisualStudioVersion = 17.0.31903.59
MinimumVisualStudioVersion = 10.0.40219.1
Project("{FAE04EC0-301F-11D3-BF4B-00C04F79EFBC}") = "API", "API\API.csproj", "{8486CEA9-2E58-4108-80B0-6809B44ADD80}"
EndProject
Project("{FAE04EC0-301F-11D3-BF4B-00C04F79EFBC}") = "Application", "Application\Application.csproj", "{EA4AEFF9-43B0-4A35-870F-AA756F44EA2F}"
EndProject
Project("{FAE04EC0-301F-11D3-BF4B-00C04F79EFBC}") = "Domain", "Domain\Domain.csproj", "{EFB4349F-3592-4F79-8A96-DA5426C1CD6A}"
EndProject
Project("{FAE04EC0-301F-11D3-BF4B-00C04F79EFBC}") = "Persistence", "Persistence\Persistence.csproj", "{3E422A7F-9ED0-47EA-A60F-E2384C06F446}"
EndProject
Global
	GlobalSection(SolutionConfigurationPlatforms) = preSolution
		Debug|Any CPU = Debug|Any CPU
		Release|Any CPU = Release|Any CPU
	EndGlobalSection
	GlobalSection(SolutionProperties) = preSolution
		HideSolutionNode = FALSE
	EndGlobalSection
	GlobalSection(ProjectConfigurationPlatforms) = postSolution
		{8486CEA9-2E58-4108-80B0-6809B44ADD80}.Debug|Any CPU.ActiveCfg = Debug|Any CPU
		{8486CEA9-2E58-4108-80B0-6809B44ADD80}.Debug|Any CPU.Build.0 = Debug|Any CPU
		{8486CEA9-2E58-4108-80B0-6809B44ADD80}.Release|Any CPU.ActiveCfg = Release|Any CPU
		{8486CEA9-2E58-4108-80B0-6809B44ADD80}.Release|Any CPU.Build.0 = Release|Any CPU
		{EA4AEFF9-43B0-4A35-870F-AA756F44EA2F}.Debug|Any CPU.ActiveCfg = Debug|Any CPU
		{EA4AEFF9-43B0-4A35-870F-AA756F44EA2F}.Debug|Any CPU.Build.0 = Debug|Any CPU
		{EA4AEFF9-43B0-4A35-870F-AA756F44EA2F}.Release|Any CPU.ActiveCfg = Release|Any CPU
		{EA4AEFF9-43B0-4A35-870F-AA756F44EA2F}.Release|Any CPU.Build.0 = Release|Any CPU
		{EFB4349F-3592-4F79-8A96-DA5426C1CD6A}.Debug|Any CPU.ActiveCfg = Debug|Any CPU
		{EFB4349F-3592-4F79-8A96-DA5426C1CD6A}.Debug|Any CPU.Build.0 = Debug|Any CPU
		{EFB4349F-3592-4F79-8A96-DA5426C1CD6A}.Release|Any CPU.ActiveCfg = Release|Any CPU
		{EFB4349F-3592-4F79-8A96-DA5426C1CD6A}.Release|Any CPU.Build.0 = Release|Any CPU
		{3E422A7F-9ED0-47EA-A60F-E2384C06F446}.Debug|Any CPU.ActiveCfg = Debug|Any CPU
		{3E422A7F-9ED0-47EA-A60F-E2384C06F446}.Debug|Any CPU.Build.0 = Debug|Any CPU
		{3E422A7F-9ED0-47EA-A60F-E2384C06F446}.Release|Any CPU.ActiveCfg = Release|Any CPU
		{3E422A7F-9ED0-47EA-A60F-E2384C06F446}.Release|Any CPU.Build.0 = Release|Any CPU
	EndGlobalSection
EndGlobal
